
Microsoft Visual Studio Solution File, Format Version 12.00
# Visual Studio 15
VisualStudioVersion = 15.0.28010.2016
MinimumVisualStudioVersion = 10.0.40219.1
Project("{FAE04EC0-301F-11D3-BF4B-00C04F79EFBC}") = "UnsafeCode", "UnsafeCode\UnsafeCode.csproj", "{98D7EC33-58D5-4213-94F6-18B55734C8DE}"
EndProject
Global
	GlobalSection(SolutionConfigurationPlatforms) = preSolution
		Debug|Any CPU = Debug|Any CPU
		Release|Any CPU = Release|Any CPU
	EndGlobalSection
	GlobalSection(ProjectConfigurationPlatforms) = postSolution
		{98D7EC33-58D5-4213-94F6-18B55734C8DE}.Debug|Any CPU.ActiveCfg = Debug|Any CPU
		{98D7EC33-58D5-4213-94F6-18B55734C8DE}.Debug|Any CPU.Build.0 = Debug|Any CPU
		{98D7EC33-58D5-4213-94F6-18B55734C8DE}.Release|Any CPU.ActiveCfg = Release|Any CPU
		{98D7EC33-58D5-4213-94F6-18B55734C8DE}.Release|Any CPU.Build.0 = Release|Any CPU
	EndGlobalSection
	GlobalSection(SolutionProperties) = preSolution
		HideSolutionNode = FALSE
	EndGlobalSection
	GlobalSection(ExtensibilityGlobals) = postSolution
		SolutionGuid = {F1A1EC16-3EC4-47C9-86C1-E0D65C1C2CC3}
	EndGlobalSection
EndGlobal
